
Microsoft Visual Studio Solution File, Format Version 12.00
# Visual Studio Version 17
VisualStudioVersion = 17.14.36623.8 d17.14
MinimumVisualStudioVersion = 10.0.40219.1
Project("{FAE04EC0-301F-11D3-BF4B-00C04F79EFBC}") = "Ecomly.API", "Ecomly.API\Ecomly.API.csproj", "{A2770DFE-DF1C-4C24-9340-E286E14723AF}"
EndProject
Project("{FAE04EC0-301F-11D3-BF4B-00C04F79EFBC}") = "Ecomly.Infrastructure", "Ecomly.Infrastructure\Ecomly.Infrastructure.csproj", "{F2E01891-A95A-4015-9EA0-74408E846193}"
EndProject
Global
	GlobalSection(SolutionConfigurationPlatforms) = preSolution
		Debug|Any CPU = Debug|Any CPU
		Release|Any CPU = Release|Any CPU
	EndGlobalSection
	GlobalSection(ProjectConfigurationPlatforms) = postSolution
		{A2770DFE-DF1C-4C24-9340-E286E14723AF}.Debug|Any CPU.ActiveCfg = Debug|Any CPU
		{A2770DFE-DF1C-4C24-9340-E286E14723AF}.Debug|Any CPU.Build.0 = Debug|Any CPU
		{A2770DFE-DF1C-4C24-9340-E286E14723AF}.Release|Any CPU.ActiveCfg = Release|Any CPU
		{A2770DFE-DF1C-4C24-9340-E286E14723AF}.Release|Any CPU.Build.0 = Release|Any CPU
		{F2E01891-A95A-4015-9EA0-74408E846193}.Debug|Any CPU.ActiveCfg = Debug|Any CPU
		{F2E01891-A95A-4015-9EA0-74408E846193}.Debug|Any CPU.Build.0 = Debug|Any CPU
		{F2E01891-A95A-4015-9EA0-74408E846193}.Release|Any CPU.ActiveCfg = Release|Any CPU
		{F2E01891-A95A-4015-9EA0-74408E846193}.Release|Any CPU.Build.0 = Release|Any CPU
	EndGlobalSection
	GlobalSection(SolutionProperties) = preSolution
		HideSolutionNode = FALSE
	EndGlobalSection
	GlobalSection(ExtensibilityGlobals) = postSolution
		SolutionGuid = {4E508B45-5367-482D-9639-28649C53AB25}
	EndGlobalSection
EndGlobal
